
Microsoft Visual Studio Solution File, Format Version 12.00
Project("{FAE04EC0-301F-11D3-BF4B-00C04F79EFBC}") = "ChessMazeGameModel", "ChessMazeGameModel\ChessMazeGameModel.csproj", "{CFF0DF30-761F-4EE7-B804-696232E1E7C0}"
EndProject
Project("{FAE04EC0-301F-11D3-BF4B-00C04F79EFBC}") = "ChessMazeGameUnitTests", "ChessMazeGameUnitTests\ChessMazeGameUnitTests.csproj", "{BF7B8D5C-8109-4AB7-9B62-EBD54A606A67}"
EndProject
Project("{FAE04EC0-301F-11D3-BF4B-00C04F79EFBC}") = "ChessMazeGameWPF", "ChessMazeGameWPF\ChessMazeGameWPF.csproj", "{C505AF47-53A6-4827-A271-A6EFC7B10CDE}"
EndProject
Project("{FAE04EC0-301F-11D3-BF4B-00C04F79EFBC}") = "ChessMazeGameWindowsForm", "ChessMazeGameWindowsForm\ChessMazeGameWindowsForm.csproj", "{EBD205FD-95DE-4999-A4B2-59BBDA9D84D9}"
EndProject
Global
	GlobalSection(SolutionConfigurationPlatforms) = preSolution
		Debug|Any CPU = Debug|Any CPU
		Release|Any CPU = Release|Any CPU
	EndGlobalSection
	GlobalSection(ProjectConfigurationPlatforms) = postSolution
		{CFF0DF30-761F-4EE7-B804-696232E1E7C0}.Debug|Any CPU.ActiveCfg = Debug|Any CPU
		{CFF0DF30-761F-4EE7-B804-696232E1E7C0}.Debug|Any CPU.Build.0 = Debug|Any CPU
		{CFF0DF30-761F-4EE7-B804-696232E1E7C0}.Release|Any CPU.ActiveCfg = Release|Any CPU
		{CFF0DF30-761F-4EE7-B804-696232E1E7C0}.Release|Any CPU.Build.0 = Release|Any CPU
		{BF7B8D5C-8109-4AB7-9B62-EBD54A606A67}.Debug|Any CPU.ActiveCfg = Debug|Any CPU
		{BF7B8D5C-8109-4AB7-9B62-EBD54A606A67}.Debug|Any CPU.Build.0 = Debug|Any CPU
		{BF7B8D5C-8109-4AB7-9B62-EBD54A606A67}.Release|Any CPU.ActiveCfg = Release|Any CPU
		{BF7B8D5C-8109-4AB7-9B62-EBD54A606A67}.Release|Any CPU.Build.0 = Release|Any CPU
		{C505AF47-53A6-4827-A271-A6EFC7B10CDE}.Debug|Any CPU.ActiveCfg = Debug|Any CPU
		{C505AF47-53A6-4827-A271-A6EFC7B10CDE}.Debug|Any CPU.Build.0 = Debug|Any CPU
		{C505AF47-53A6-4827-A271-A6EFC7B10CDE}.Release|Any CPU.ActiveCfg = Release|Any CPU
		{C505AF47-53A6-4827-A271-A6EFC7B10CDE}.Release|Any CPU.Build.0 = Release|Any CPU
		{EBD205FD-95DE-4999-A4B2-59BBDA9D84D9}.Debug|Any CPU.ActiveCfg = Debug|Any CPU
		{EBD205FD-95DE-4999-A4B2-59BBDA9D84D9}.Debug|Any CPU.Build.0 = Debug|Any CPU
		{EBD205FD-95DE-4999-A4B2-59BBDA9D84D9}.Release|Any CPU.ActiveCfg = Release|Any CPU
		{EBD205FD-95DE-4999-A4B2-59BBDA9D84D9}.Release|Any CPU.Build.0 = Release|Any CPU
	EndGlobalSection
EndGlobal
